
Microsoft Visual Studio Solution File, Format Version 12.00
# Visual Studio Version 17
VisualStudioVersion = 17.13.35806.99 d17.13
MinimumVisualStudioVersion = 10.0.40219.1
Project("{FAE04EC0-301F-11D3-BF4B-00C04F79EFBC}") = "Demo.Persentation", "Demo.Persentation\Demo.Persentation.csproj", "{EAF8A003-5797-4778-9D68-AF720C247312}"
EndProject
Project("{FAE04EC0-301F-11D3-BF4B-00C04F79EFBC}") = "Demo.BusinessLogic", "Demo.BusinessLogic\Demo.BusinessLogic.csproj", "{EA6D3868-D792-41EB-B4AE-E56EDCE6F4F8}"
EndProject
Project("{FAE04EC0-301F-11D3-BF4B-00C04F79EFBC}") = "Demo.DataAccess", "Demo.DataAccess\Demo.DataAccess.csproj", "{F1EB6F1D-010B-49E1-BF78-AE4B69A37E05}"
EndProject
Global
	GlobalSection(SolutionConfigurationPlatforms) = preSolution
		Debug|Any CPU = Debug|Any CPU
		Release|Any CPU = Release|Any CPU
	EndGlobalSection
	GlobalSection(ProjectConfigurationPlatforms) = postSolution
		{EAF8A003-5797-4778-9D68-AF720C247312}.Debug|Any CPU.ActiveCfg = Debug|Any CPU
		{EAF8A003-5797-4778-9D68-AF720C247312}.Debug|Any CPU.Build.0 = Debug|Any CPU
		{EAF8A003-5797-4778-9D68-AF720C247312}.Release|Any CPU.ActiveCfg = Release|Any CPU
		{EAF8A003-5797-4778-9D68-AF720C247312}.Release|Any CPU.Build.0 = Release|Any CPU
		{EA6D3868-D792-41EB-B4AE-E56EDCE6F4F8}.Debug|Any CPU.ActiveCfg = Debug|Any CPU
		{EA6D3868-D792-41EB-B4AE-E56EDCE6F4F8}.Debug|Any CPU.Build.0 = Debug|Any CPU
		{EA6D3868-D792-41EB-B4AE-E56EDCE6F4F8}.Release|Any CPU.ActiveCfg = Release|Any CPU
		{EA6D3868-D792-41EB-B4AE-E56EDCE6F4F8}.Release|Any CPU.Build.0 = Release|Any CPU
		{F1EB6F1D-010B-49E1-BF78-AE4B69A37E05}.Debug|Any CPU.ActiveCfg = Debug|Any CPU
		{F1EB6F1D-010B-49E1-BF78-AE4B69A37E05}.Debug|Any CPU.Build.0 = Debug|Any CPU
		{F1EB6F1D-010B-49E1-BF78-AE4B69A37E05}.Release|Any CPU.ActiveCfg = Release|Any CPU
		{F1EB6F1D-010B-49E1-BF78-AE4B69A37E05}.Release|Any CPU.Build.0 = Release|Any CPU
	EndGlobalSection
	GlobalSection(SolutionProperties) = preSolution
		HideSolutionNode = FALSE
	EndGlobalSection
	GlobalSection(ExtensibilityGlobals) = postSolution
		SolutionGuid = {F73D72E7-5901-467D-B0EE-ABA5254F5752}
	EndGlobalSection
EndGlobal
